
Microsoft Visual Studio Solution File, Format Version 12.00
# Visual Studio Version 16
VisualStudioVersion = 16.0.30413.136
MinimumVisualStudioVersion = 10.0.40219.1
Project("{F184B08F-C81C-45F6-A57F-5ABD9991F28F}") = "Drawline", "Drawline\Drawline.vbproj", "{177EF342-0F42-459B-A6D6-022779E62546}"
EndProject
Global
	GlobalSection(SolutionConfigurationPlatforms) = preSolution
		Debug|Any CPU = Debug|Any CPU
		Release|Any CPU = Release|Any CPU
	EndGlobalSection
	GlobalSection(ProjectConfigurationPlatforms) = postSolution
		{177EF342-0F42-459B-A6D6-022779E62546}.Debug|Any CPU.ActiveCfg = Debug|Any CPU
		{177EF342-0F42-459B-A6D6-022779E62546}.Debug|Any CPU.Build.0 = Debug|Any CPU
		{177EF342-0F42-459B-A6D6-022779E62546}.Release|Any CPU.ActiveCfg = Release|Any CPU
		{177EF342-0F42-459B-A6D6-022779E62546}.Release|Any CPU.Build.0 = Release|Any CPU
	EndGlobalSection
	GlobalSection(SolutionProperties) = preSolution
		HideSolutionNode = FALSE
	EndGlobalSection
	GlobalSection(ExtensibilityGlobals) = postSolution
		SolutionGuid = {F99D8D2F-0198-4B6E-8BD5-0C8DED4048C2}
	EndGlobalSection
EndGlobal
